// !$*UTF8*$!
{
	archiveVersion = 1;
	classes = {
	};
	objectVersion = 77;
	objects = {

/* Begin PBXBuildFile section */
		1738427E2DD67D5D000E99F7 /* Youtube-Score Extension.appex in Embed Foundation Extensions */ = {isa = PBXBuildFile; fileRef = 1738427D2DD67D5D000E99F7 /* Youtube-Score Extension.appex */; settings = {ATTRIBUTES = (RemoveHeadersOnCopy, ); }; };
		173842882DD67D5D000E99F7 /* Youtube-Score Extension.appex in Embed Foundation Extensions */ = {isa = PBXBuildFile; fileRef = 173842872DD67D5D000E99F7 /* Youtube-Score Extension.appex */; settings = {ATTRIBUTES = (RemoveHeadersOnCopy, ); }; };
/* End PBXBuildFile section */

/* Begin PBXContainerItemProxy section */
		1738427F2DD67D5D000E99F7 /* PBXContainerItemProxy */ = {
			isa = PBXContainerItemProxy;
			containerPortal = 173842432DD67D59000E99F7 /* Project object */;
			proxyType = 1;
			remoteGlobalIDString = 1738427C2DD67D5D000E99F7;
			remoteInfo = "Youtube-Score Extension (iOS)";
		};
		173842892DD67D5D000E99F7 /* PBXContainerItemProxy */ = {
			isa = PBXContainerItemProxy;
			containerPortal = 173842432DD67D59000E99F7 /* Project object */;
			proxyType = 1;
			remoteGlobalIDString = 173842862DD67D5D000E99F7;
			remoteInfo = "Youtube-Score Extension (macOS)";
		};
/* End PBXContainerItemProxy section */

/* Begin PBXCopyFilesBuildPhase section */
		173842B12DD67D5D000E99F7 /* Embed Foundation Extensions */ = {
			isa = PBXCopyFilesBuildPhase;
			buildActionMask = 2147483647;
			dstPath = "";
			dstSubfolderSpec = 13;
			files = (
				1738427E2DD67D5D000E99F7 /* Youtube-Score Extension.appex in Embed Foundation Extensions */,
			);
			name = "Embed Foundation Extensions";
			runOnlyForDeploymentPostprocessing = 0;
		};
		173842BB2DD67D5D000E99F7 /* Embed Foundation Extensions */ = {
			isa = PBXCopyFilesBuildPhase;
			buildActionMask = 2147483647;
			dstPath = "";
			dstSubfolderSpec = 13;
			files = (
				173842882DD67D5D000E99F7 /* Youtube-Score Extension.appex in Embed Foundation Extensions */,
			);
			name = "Embed Foundation Extensions";
			runOnlyForDeploymentPostprocessing = 0;
		};
/* End PBXCopyFilesBuildPhase section */

/* Begin PBXFileReference section */
		1738425F2DD67D5D000E99F7 /* Youtube-Score.app */ = {isa = PBXFileReference; explicitFileType = wrapper.application; includeInIndex = 0; path = "Youtube-Score.app"; sourceTree = BUILT_PRODUCTS_DIR; };
		173842712DD67D5D000E99F7 /* Youtube-Score.app */ = {isa = PBXFileReference; explicitFileType = wrapper.application; includeInIndex = 0; path = "Youtube-Score.app"; sourceTree = BUILT_PRODUCTS_DIR; };
		1738427D2DD67D5D000E99F7 /* Youtube-Score Extension.appex */ = {isa = PBXFileReference; explicitFileType = "wrapper.app-extension"; includeInIndex = 0; path = "Youtube-Score Extension.appex"; sourceTree = BUILT_PRODUCTS_DIR; };
		173842872DD67D5D000E99F7 /* Youtube-Score Extension.appex */ = {isa = PBXFileReference; explicitFileType = "wrapper.app-extension"; includeInIndex = 0; path = "Youtube-Score Extension.appex"; sourceTree = BUILT_PRODUCTS_DIR; };
/* End PBXFileReference section */

/* Begin PBXFileSystemSynchronizedBuildFileExceptionSet section */
		173842AC2DD67D5D000E99F7 /* Exceptions for "Shared (App)" folder in "Youtube-Score (iOS)" target */ = {
			isa = PBXFileSystemSynchronizedBuildFileExceptionSet;
			membershipExceptions = (
				"/Localized: Resources/Main.html",
				Assets.xcassets,
				Resources/Icon.png,
				Resources/Script.js,
				Resources/Style.css,
				ViewController.swift,
			);
			target = 1738425E2DD67D5D000E99F7 /* Youtube-Score (iOS) */;
		};
		173842B02DD67D5D000E99F7 /* Exceptions for "iOS (Extension)" folder in "Youtube-Score Extension (iOS)" target */ = {
			isa = PBXFileSystemSynchronizedBuildFileExceptionSet;
			membershipExceptions = (
				Info.plist,
			);
			target = 1738427C2DD67D5D000E99F7 /* Youtube-Score Extension (iOS) */;
		};
		173842B52DD67D5D000E99F7 /* Exceptions for "iOS (App)" folder in "Youtube-Score (iOS)" target */ = {
			isa = PBXFileSystemSynchronizedBuildFileExceptionSet;
			membershipExceptions = (
				Info.plist,
			);
			target = 1738425E2DD67D5D000E99F7 /* Youtube-Score (iOS) */;
		};
		173842B62DD67D5D000E99F7 /* Exceptions for "Shared (App)" folder in "Youtube-Score (macOS)" target */ = {
			isa = PBXFileSystemSynchronizedBuildFileExceptionSet;
			membershipExceptions = (
				"/Localized: Resources/Main.html",
				Assets.xcassets,
				Resources/Icon.png,
				Resources/Script.js,
				Resources/Style.css,
				ViewController.swift,
			);
			target = 173842702DD67D5D000E99F7 /* Youtube-Score (macOS) */;
		};
		173842BA2DD67D5D000E99F7 /* Exceptions for "macOS (Extension)" folder in "Youtube-Score Extension (macOS)" target */ = {
			isa = PBXFileSystemSynchronizedBuildFileExceptionSet;
			membershipExceptions = (
				Info.plist,
			);
			target = 173842862DD67D5D000E99F7 /* Youtube-Score Extension (macOS) */;
		};
		173842BF2DD67D5D000E99F7 /* Exceptions for "Shared (Extension)" folder in "Youtube-Score Extension (iOS)" target */ = {
			isa = PBXFileSystemSynchronizedBuildFileExceptionSet;
			membershipExceptions = (
				Resources/_locales,
				Resources/background.js,
				Resources/content.js,
				Resources/images,
				Resources/manifest.json,
				Resources/popup.css,
				Resources/popup.html,
				Resources/popup.js,
				SafariWebExtensionHandler.swift,
			);
			target = 1738427C2DD67D5D000E99F7 /* Youtube-Score Extension (iOS) */;
		};
		173842C02DD67D5D000E99F7 /* Exceptions for "Shared (Extension)" folder in "Youtube-Score Extension (macOS)" target */ = {
			isa = PBXFileSystemSynchronizedBuildFileExceptionSet;
			membershipExceptions = (
				Resources/_locales,
				Resources/background.js,
				Resources/content.js,
				Resources/images,
				Resources/manifest.json,
				Resources/popup.css,
				Resources/popup.html,
				Resources/popup.js,
				SafariWebExtensionHandler.swift,
			);
			target = 173842862DD67D5D000E99F7 /* Youtube-Score Extension (macOS) */;
		};
/* End PBXFileSystemSynchronizedBuildFileExceptionSet section */

/* Begin PBXFileSystemSynchronizedRootGroup section */
		173842472DD67D59000E99F7 /* Shared (App) */ = {
			isa = PBXFileSystemSynchronizedRootGroup;
			exceptions = (
				173842AC2DD67D5D000E99F7 /* Exceptions for "Shared (App)" folder in "Youtube-Score (iOS)" target */,
				173842B62DD67D5D000E99F7 /* Exceptions for "Shared (App)" folder in "Youtube-Score (macOS)" target */,
			);
			path = "Shared (App)";
			sourceTree = "<group>";
		};
		173842502DD67D5D000E99F7 /* Shared (Extension) */ = {
			isa = PBXFileSystemSynchronizedRootGroup;
			exceptions = (
				173842BF2DD67D5D000E99F7 /* Exceptions for "Shared (Extension)" folder in "Youtube-Score Extension (iOS)" target */,
				173842C02DD67D5D000E99F7 /* Exceptions for "Shared (Extension)" folder in "Youtube-Score Extension (macOS)" target */,
			);
			explicitFolders = (
				Resources/_locales,
				Resources/images,
			);
			path = "Shared (Extension)";
			sourceTree = "<group>";
		};
		173842612DD67D5D000E99F7 /* iOS (App) */ = {
			isa = PBXFileSystemSynchronizedRootGroup;
			exceptions = (
				173842B52DD67D5D000E99F7 /* Exceptions for "iOS (App)" folder in "Youtube-Score (iOS)" target */,
			);
			path = "iOS (App)";
			sourceTree = "<group>";
		};
		173842722DD67D5D000E99F7 /* macOS (App) */ = {
			isa = PBXFileSystemSynchronizedRootGroup;
			path = "macOS (App)";
			sourceTree = "<group>";
		};
		173842812DD67D5D000E99F7 /* iOS (Extension) */ = {
			isa = PBXFileSystemSynchronizedRootGroup;
			exceptions = (
				173842B02DD67D5D000E99F7 /* Exceptions for "iOS (Extension)" folder in "Youtube-Score Extension (iOS)" target */,
			);
			path = "iOS (Extension)";
			sourceTree = "<group>";
		};
		1738428B2DD67D5D000E99F7 /* macOS (Extension) */ = {
			isa = PBXFileSystemSynchronizedRootGroup;
			exceptions = (
				173842BA2DD67D5D000E99F7 /* Exceptions for "macOS (Extension)" folder in "Youtube-Score Extension (macOS)" target */,
			);
			path = "macOS (Extension)";
			sourceTree = "<group>";
		};
/* End PBXFileSystemSynchronizedRootGroup section */

/* Begin PBXFrameworksBuildPhase section */
		1738425C2DD67D5D000E99F7 /* Frameworks */ = {
			isa = PBXFrameworksBuildPhase;
			buildActionMask = 2147483647;
			files = (
			);
			runOnlyForDeploymentPostprocessing = 0;
		};
		1738426E2DD67D5D000E99F7 /* Frameworks */ = {
			isa = PBXFrameworksBuildPhase;
			buildActionMask = 2147483647;
			files = (
			);
			runOnlyForDeploymentPostprocessing = 0;
		};
		1738427A2DD67D5D000E99F7 /* Frameworks */ = {
			isa = PBXFrameworksBuildPhase;
			buildActionMask = 2147483647;
			files = (
			);
			runOnlyForDeploymentPostprocessing = 0;
		};
		173842842DD67D5D000E99F7 /* Frameworks */ = {
			isa = PBXFrameworksBuildPhase;
			buildActionMask = 2147483647;
			files = (
			);
			runOnlyForDeploymentPostprocessing = 0;
		};
/* End PBXFrameworksBuildPhase section */

/* Begin PBXGroup section */
		173842422DD67D59000E99F7 = {
			isa = PBXGroup;
			children = (
				173842472DD67D59000E99F7 /* Shared (App) */,
				173842502DD67D5D000E99F7 /* Shared (Extension) */,
				173842612DD67D5D000E99F7 /* iOS (App) */,
				173842722DD67D5D000E99F7 /* macOS (App) */,
				173842812DD67D5D000E99F7 /* iOS (Extension) */,
				1738428B2DD67D5D000E99F7 /* macOS (Extension) */,
				173842602DD67D5D000E99F7 /* Products */,
			);
			sourceTree = "<group>";
		};
		173842602DD67D5D000E99F7 /* Products */ = {
			isa = PBXGroup;
			children = (
				1738425F2DD67D5D000E99F7 /* Youtube-Score.app */,
				173842712DD67D5D000E99F7 /* Youtube-Score.app */,
				1738427D2DD67D5D000E99F7 /* Youtube-Score Extension.appex */,
				173842872DD67D5D000E99F7 /* Youtube-Score Extension.appex */,
			);
			name = Products;
			sourceTree = "<group>";
		};
/* End PBXGroup section */

/* Begin PBXNativeTarget section */
		1738425E2DD67D5D000E99F7 /* Youtube-Score (iOS) */ = {
			isa = PBXNativeTarget;
			buildConfigurationList = 173842B22DD67D5D000E99F7 /* Build configuration list for PBXNativeTarget "Youtube-Score (iOS)" */;
			buildPhases = (
				1738425B2DD67D5D000E99F7 /* Sources */,
				1738425C2DD67D5D000E99F7 /* Frameworks */,
				1738425D2DD67D5D000E99F7 /* Resources */,
				173842B12DD67D5D000E99F7 /* Embed Foundation Extensions */,
			);
			buildRules = (
			);
			dependencies = (
				173842802DD67D5D000E99F7 /* PBXTargetDependency */,
			);
			fileSystemSynchronizedGroups = (
				173842612DD67D5D000E99F7 /* iOS (App) */,
			);
			name = "Youtube-Score (iOS)";
			packageProductDependencies = (
			);
			productName = "Youtube-Score (iOS)";
			productReference = 1738425F2DD67D5D000E99F7 /* Youtube-Score.app */;
			productType = "com.apple.product-type.application";
		};
		173842702DD67D5D000E99F7 /* Youtube-Score (macOS) */ = {
			isa = PBXNativeTarget;
			buildConfigurationList = 173842BC2DD67D5D000E99F7 /* Build configuration list for PBXNativeTarget "Youtube-Score (macOS)" */;
			buildPhases = (
				1738426D2DD67D5D000E99F7 /* Sources */,
				1738426E2DD67D5D000E99F7 /* Frameworks */,
				1738426F2DD67D5D000E99F7 /* Resources */,
				173842BB2DD67D5D000E99F7 /* Embed Foundation Extensions */,
			);
			buildRules = (
			);
			dependencies = (
				1738428A2DD67D5D000E99F7 /* PBXTargetDependency */,
			);
			fileSystemSynchronizedGroups = (
				173842722DD67D5D000E99F7 /* macOS (App) */,
			);
			name = "Youtube-Score (macOS)";
			packageProductDependencies = (
			);
			productName = "Youtube-Score (macOS)";
			productReference = 173842712DD67D5D000E99F7 /* Youtube-Score.app */;
			productType = "com.apple.product-type.application";
		};
		1738427C2DD67D5D000E99F7 /* Youtube-Score Extension (iOS) */ = {
			isa = PBXNativeTarget;
			buildConfigurationList = 173842AD2DD67D5D000E99F7 /* Build configuration list for PBXNativeTarget "Youtube-Score Extension (iOS)" */;
			buildPhases = (
				173842792DD67D5D000E99F7 /* Sources */,
				1738427A2DD67D5D000E99F7 /* Frameworks */,
				1738427B2DD67D5D000E99F7 /* Resources */,
			);
			buildRules = (
			);
			dependencies = (
			);
			fileSystemSynchronizedGroups = (
				173842812DD67D5D000E99F7 /* iOS (Extension) */,
			);
			name = "Youtube-Score Extension (iOS)";
			packageProductDependencies = (
			);
			productName = "Youtube-Score Extension (iOS)";
			productReference = 1738427D2DD67D5D000E99F7 /* Youtube-Score Extension.appex */;
			productType = "com.apple.product-type.app-extension";
		};
		173842862DD67D5D000E99F7 /* Youtube-Score Extension (macOS) */ = {
			isa = PBXNativeTarget;
			buildConfigurationList = 173842B72DD67D5D000E99F7 /* Build configuration list for PBXNativeTarget "Youtube-Score Extension (macOS)" */;
			buildPhases = (
				173842832DD67D5D000E99F7 /* Sources */,
				173842842DD67D5D000E99F7 /* Frameworks */,
				173842852DD67D5D000E99F7 /* Resources */,
			);
			buildRules = (
			);
			dependencies = (
			);
			fileSystemSynchronizedGroups = (
				1738428B2DD67D5D000E99F7 /* macOS (Extension) */,
			);
			name = "Youtube-Score Extension (macOS)";
			packageProductDependencies = (
			);
			productName = "Youtube-Score Extension (macOS)";
			productReference = 173842872DD67D5D000E99F7 /* Youtube-Score Extension.appex */;
			productType = "com.apple.product-type.app-extension";
		};
/* End PBXNativeTarget section */

/* Begin PBXProject section */
		173842432DD67D59000E99F7 /* Project object */ = {
			isa = PBXProject;
			attributes = {
				BuildIndependentTargetsInParallel = 1;
				LastSwiftUpdateCheck = 1630;
				LastUpgradeCheck = 1630;
				TargetAttributes = {
					1738425E2DD67D5D000E99F7 = {
						CreatedOnToolsVersion = 16.3;
					};
					173842702DD67D5D000E99F7 = {
						CreatedOnToolsVersion = 16.3;
					};
					1738427C2DD67D5D000E99F7 = {
						CreatedOnToolsVersion = 16.3;
					};
					173842862DD67D5D000E99F7 = {
						CreatedOnToolsVersion = 16.3;
					};
				};
			};
			buildConfigurationList = 173842462DD67D59000E99F7 /* Build configuration list for PBXProject "Youtube-Score" */;
			developmentRegion = en;
			hasScannedForEncodings = 0;
			knownRegions = (
				en,
				Base,
			);
			mainGroup = 173842422DD67D59000E99F7;
			minimizedProjectReferenceProxies = 1;
			preferredProjectObjectVersion = 77;
			productRefGroup = 173842602DD67D5D000E99F7 /* Products */;
			projectDirPath = "";
			projectRoot = "";
			targets = (
				1738425E2DD67D5D000E99F7 /* Youtube-Score (iOS) */,
				173842702DD67D5D000E99F7 /* Youtube-Score (macOS) */,
				1738427C2DD67D5D000E99F7 /* Youtube-Score Extension (iOS) */,
				173842862DD67D5D000E99F7 /* Youtube-Score Extension (macOS) */,
			);
		};
/* End PBXProject section */

/* Begin PBXResourcesBuildPhase section */
		1738425D2DD67D5D000E99F7 /* Resources */ = {
			isa = PBXResourcesBuildPhase;
			buildActionMask = 2147483647;
			files = (
			);
			runOnlyForDeploymentPostprocessing = 0;
		};
		1738426F2DD67D5D000E99F7 /* Resources */ = {
			isa = PBXResourcesBuildPhase;
			buildActionMask = 2147483647;
			files = (
			);
			runOnlyForDeploymentPostprocessing = 0;
		};
		1738427B2DD67D5D000E99F7 /* Resources */ = {
			isa = PBXResourcesBuildPhase;
			buildActionMask = 2147483647;
			files = (
			);
			runOnlyForDeploymentPostprocessing = 0;
		};
		173842852DD67D5D000E99F7 /* Resources */ = {
			isa = PBXResourcesBuildPhase;
			buildActionMask = 2147483647;
			files = (
			);
			runOnlyForDeploymentPostprocessing = 0;
		};
/* End PBXResourcesBuildPhase section */

/* Begin PBXSourcesBuildPhase section */
		1738425B2DD67D5D000E99F7 /* Sources */ = {
			isa = PBXSourcesBuildPhase;
			buildActionMask = 2147483647;
			files = (
			);
			runOnlyForDeploymentPostprocessing = 0;
		};
		1738426D2DD67D5D000E99F7 /* Sources */ = {
			isa = PBXSourcesBuildPhase;
			buildActionMask = 2147483647;
			files = (
			);
			runOnlyForDeploymentPostprocessing = 0;
		};
		173842792DD67D5D000E99F7 /* Sources */ = {
			isa = PBXSourcesBuildPhase;
			buildActionMask = 2147483647;
			files = (
			);
			runOnlyForDeploymentPostprocessing = 0;
		};
		173842832DD67D5D000E99F7 /* Sources */ = {
			isa = PBXSourcesBuildPhase;
			buildActionMask = 2147483647;
			files = (
			);
			runOnlyForDeploymentPostprocessing = 0;
		};
/* End PBXSourcesBuildPhase section */

/* Begin PBXTargetDependency section */
		173842802DD67D5D000E99F7 /* PBXTargetDependency */ = {
			isa = PBXTargetDependency;
			target = 1738427C2DD67D5D000E99F7 /* Youtube-Score Extension (iOS) */;
			targetProxy = 1738427F2DD67D5D000E99F7 /* PBXContainerItemProxy */;
		};
		1738428A2DD67D5D000E99F7 /* PBXTargetDependency */ = {
			isa = PBXTargetDependency;
			target = 173842862DD67D5D000E99F7 /* Youtube-Score Extension (macOS) */;
			targetProxy = 173842892DD67D5D000E99F7 /* PBXContainerItemProxy */;
		};
/* End PBXTargetDependency section */

/* Begin XCBuildConfiguration section */
		173842AE2DD67D5D000E99F7 /* Debug */ = {
			isa = XCBuildConfiguration;
			buildSettings = {
				CODE_SIGN_STYLE = Automatic;
				CURRENT_PROJECT_VERSION = 1;
				DEVELOPMENT_TEAM = 65Q79CRNC7;
				GENERATE_INFOPLIST_FILE = YES;
				INFOPLIST_FILE = "iOS (Extension)/Info.plist";
				INFOPLIST_KEY_CFBundleDisplayName = "Youtube-Score Extension";
				INFOPLIST_KEY_NSHumanReadableCopyright = "";
				IPHONEOS_DEPLOYMENT_TARGET = 15.0;
				LD_RUNPATH_SEARCH_PATHS = (
					"$(inherited)",
					"@executable_path/Frameworks",
					"@executable_path/../../Frameworks",
				);
				MARKETING_VERSION = 1.0;
				OTHER_LDFLAGS = (
					"-framework",
					SafariServices,
				);
				PRODUCT_BUNDLE_IDENTIFIER = "KevinKaratassos.Youtube-Score.Extension";
				PRODUCT_NAME = "Youtube-Score Extension";
				SDKROOT = iphoneos;
				SKIP_INSTALL = YES;
				SWIFT_EMIT_LOC_STRINGS = YES;
				SWIFT_VERSION = 5.0;
				TARGETED_DEVICE_FAMILY = "1,2";
			};
			name = Debug;
		};
		173842AF2DD67D5D000E99F7 /* Release */ = {
			isa = XCBuildConfiguration;
			buildSettings = {
				CODE_SIGN_STYLE = Automatic;
				CURRENT_PROJECT_VERSION = 1;
				DEVELOPMENT_TEAM = 65Q79CRNC7;
				GENERATE_INFOPLIST_FILE = YES;
				INFOPLIST_FILE = "iOS (Extension)/Info.plist";
				INFOPLIST_KEY_CFBundleDisplayName = "Youtube-Score Extension";
				INFOPLIST_KEY_NSHumanReadableCopyright = "";
				IPHONEOS_DEPLOYMENT_TARGET = 15.0;
				LD_RUNPATH_SEARCH_PATHS = (
					"$(inherited)",
					"@executable_path/Frameworks",
					"@executable_path/../../Frameworks",
				);
				MARKETING_VERSION = 1.0;
				OTHER_LDFLAGS = (
					"-framework",
					SafariServices,
				);
				PRODUCT_BUNDLE_IDENTIFIER = "KevinKaratassos.Youtube-Score.Extension";
				PRODUCT_NAME = "Youtube-Score Extension";
				SDKROOT = iphoneos;
				SKIP_INSTALL = YES;
				SWIFT_EMIT_LOC_STRINGS = YES;
				SWIFT_VERSION = 5.0;
				TARGETED_DEVICE_FAMILY = "1,2";
				VALIDATE_PRODUCT = YES;
			};
			name = Release;
		};
		173842B32DD67D5D000E99F7 /* Debug */ = {
			isa = XCBuildConfiguration;
			buildSettings = {
				ASSETCATALOG_COMPILER_APPICON_NAME = AppIcon;
				ASSETCATALOG_COMPILER_GLOBAL_ACCENT_COLOR_NAME = AccentColor;
				CODE_SIGN_STYLE = Automatic;
				CURRENT_PROJECT_VERSION = 1;
				DEVELOPMENT_TEAM = 65Q79CRNC7;
				GENERATE_INFOPLIST_FILE = YES;
				INFOPLIST_FILE = "iOS (App)/Info.plist";
				INFOPLIST_KEY_CFBundleDisplayName = "Youtube-Score";
				INFOPLIST_KEY_UIApplicationSupportsIndirectInputEvents = YES;
				INFOPLIST_KEY_UILaunchStoryboardName = LaunchScreen;
				INFOPLIST_KEY_UIMainStoryboardFile = Main;
				INFOPLIST_KEY_UISupportedInterfaceOrientations = "UIInterfaceOrientationPortrait UIInterfaceOrientationLandscapeLeft UIInterfaceOrientationLandscapeRight";
				INFOPLIST_KEY_UISupportedInterfaceOrientations_iPad = "UIInterfaceOrientationPortrait UIInterfaceOrientationPortraitUpsideDown UIInterfaceOrientationLandscapeLeft UIInterfaceOrientationLandscapeRight";
				IPHONEOS_DEPLOYMENT_TARGET = 15.0;
				LD_RUNPATH_SEARCH_PATHS = (
					"$(inherited)",
					"@executable_path/Frameworks",
				);
				MARKETING_VERSION = 1.0;
				OTHER_LDFLAGS = (
					"-framework",
					SafariServices,
					"-framework",
					WebKit,
				);
				PRODUCT_BUNDLE_IDENTIFIER = "KevinKaratassos.Youtube-Score";
				PRODUCT_NAME = "Youtube-Score";
				SDKROOT = iphoneos;
				SWIFT_EMIT_LOC_STRINGS = YES;
				SWIFT_VERSION = 5.0;
				TARGETED_DEVICE_FAMILY = "1,2";
			};
			name = Debug;
		};
		173842B42DD67D5D000E99F7 /* Release */ = {
			isa = XCBuildConfiguration;
			buildSettings = {
				ASSETCATALOG_COMPILER_APPICON_NAME = AppIcon;
				ASSETCATALOG_COMPILER_GLOBAL_ACCENT_COLOR_NAME = AccentColor;
				CODE_SIGN_STYLE = Automatic;
				CURRENT_PROJECT_VERSION = 1;
				DEVELOPMENT_TEAM = 65Q79CRNC7;
				GENERATE_INFOPLIST_FILE = YES;
				INFOPLIST_FILE = "iOS (App)/Info.plist";
				INFOPLIST_KEY_CFBundleDisplayName = "Youtube-Score";
				INFOPLIST_KEY_UIApplicationSupportsIndirectInputEvents = YES;
				INFOPLIST_KEY_UILaunchStoryboardName = LaunchScreen;
				INFOPLIST_KEY_UIMainStoryboardFile = Main;
				INFOPLIST_KEY_UISupportedInterfaceOrientations = "UIInterfaceOrientationPortrait UIInterfaceOrientationLandscapeLeft UIInterfaceOrientationLandscapeRight";
				INFOPLIST_KEY_UISupportedInterfaceOrientations_iPad = "UIInterfaceOrientationPortrait UIInterfaceOrientationPortraitUpsideDown UIInterfaceOrientationLandscapeLeft UIInterfaceOrientationLandscapeRight";
				IPHONEOS_DEPLOYMENT_TARGET = 15.0;
				LD_RUNPATH_SEARCH_PATHS = (
					"$(inherited)",
					"@executable_path/Frameworks",
				);
				MARKETING_VERSION = 1.0;
				OTHER_LDFLAGS = (
					"-framework",
					SafariServices,
					"-framework",
					WebKit,
				);
				PRODUCT_BUNDLE_IDENTIFIER = "KevinKaratassos.Youtube-Score";
				PRODUCT_NAME = "Youtube-Score";
				SDKROOT = iphoneos;
				SWIFT_EMIT_LOC_STRINGS = YES;
				SWIFT_VERSION = 5.0;
				TARGETED_DEVICE_FAMILY = "1,2";
				VALIDATE_PRODUCT = YES;
			};
			name = Release;
		};
		173842B82DD67D5D000E99F7 /* Debug */ = {
			isa = XCBuildConfiguration;
			buildSettings = {
				CODE_SIGN_ENTITLEMENTS = "macOS (Extension)/Youtube-Score.entitlements";
				CODE_SIGN_STYLE = Automatic;
				CURRENT_PROJECT_VERSION = 1;
				ENABLE_HARDENED_RUNTIME = YES;
				GENERATE_INFOPLIST_FILE = YES;
				INFOPLIST_FILE = "macOS (Extension)/Info.plist";
				INFOPLIST_KEY_CFBundleDisplayName = "Youtube-Score Extension";
				INFOPLIST_KEY_NSHumanReadableCopyright = "";
				LD_RUNPATH_SEARCH_PATHS = (
					"$(inherited)",
					"@executable_path/../Frameworks",
					"@executable_path/../../../../Frameworks",
				);
				MACOSX_DEPLOYMENT_TARGET = 10.14;
				MARKETING_VERSION = 1.0;
				OTHER_LDFLAGS = (
					"-framework",
					SafariServices,
				);
				PRODUCT_BUNDLE_IDENTIFIER = "KevinKaratassos.Youtube-Score.Extension";
				PRODUCT_NAME = "Youtube-Score Extension";
				SDKROOT = macosx;
				SKIP_INSTALL = YES;
				SWIFT_EMIT_LOC_STRINGS = YES;
				SWIFT_VERSION = 5.0;
			};
			name = Debug;
		};
		173842B92DD67D5D000E99F7 /* Release */ = {
			isa = XCBuildConfiguration;
			buildSettings = {
				CODE_SIGN_ENTITLEMENTS = "macOS (Extension)/Youtube-Score.entitlements";
				CODE_SIGN_STYLE = Automatic;
				CURRENT_PROJECT_VERSION = 1;
				ENABLE_HARDENED_RUNTIME = YES;
				GENERATE_INFOPLIST_FILE = YES;
				INFOPLIST_FILE = "macOS (Extension)/Info.plist";
				INFOPLIST_KEY_CFBundleDisplayName = "Youtube-Score Extension";
				INFOPLIST_KEY_NSHumanReadableCopyright = "";
				LD_RUNPATH_SEARCH_PATHS = (
					"$(inherited)",
					"@executable_path/../Frameworks",
					"@executable_path/../../../../Frameworks",
				);
				MACOSX_DEPLOYMENT_TARGET = 10.14;
				MARKETING_VERSION = 1.0;
				OTHER_LDFLAGS = (
					"-framework",
					SafariServices,
				);
				PRODUCT_BUNDLE_IDENTIFIER = "KevinKaratassos.Youtube-Score.Extension";
				PRODUCT_NAME = "Youtube-Score Extension";
				SDKROOT = macosx;
				SKIP_INSTALL = YES;
				SWIFT_EMIT_LOC_STRINGS = YES;
				SWIFT_VERSION = 5.0;
			};
			name = Release;
		};
		173842BD2DD67D5D000E99F7 /* Debug */ = {
			isa = XCBuildConfiguration;
			buildSettings = {
				ASSETCATALOG_COMPILER_APPICON_NAME = AppIcon;
				ASSETCATALOG_COMPILER_GLOBAL_ACCENT_COLOR_NAME = AccentColor;
				CODE_SIGN_ENTITLEMENTS = "macOS (App)/Youtube-Score.entitlements";
				CODE_SIGN_STYLE = Automatic;
				CURRENT_PROJECT_VERSION = 1;
				ENABLE_HARDENED_RUNTIME = YES;
				GENERATE_INFOPLIST_FILE = YES;
				INFOPLIST_KEY_CFBundleDisplayName = "Youtube-Score";
				INFOPLIST_KEY_NSMainStoryboardFile = Main;
				INFOPLIST_KEY_NSPrincipalClass = NSApplication;
				LD_RUNPATH_SEARCH_PATHS = (
					"$(inherited)",
					"@executable_path/../Frameworks",
				);
				MACOSX_DEPLOYMENT_TARGET = 10.14;
				MARKETING_VERSION = 1.0;
				OTHER_LDFLAGS = (
					"-framework",
					SafariServices,
					"-framework",
					WebKit,
				);
				PRODUCT_BUNDLE_IDENTIFIER = "KevinKaratassos.Youtube-Score";
				PRODUCT_NAME = "Youtube-Score";
				REGISTER_APP_GROUPS = YES;
				SDKROOT = macosx;
				SWIFT_EMIT_LOC_STRINGS = YES;
				SWIFT_VERSION = 5.0;
			};
			name = Debug;
		};
		173842BE2DD67D5D000E99F7 /* Release */ = {
			isa = XCBuildConfiguration;
			buildSettings = {
				ASSETCATALOG_COMPILER_APPICON_NAME = AppIcon;
				ASSETCATALOG_COMPILER_GLOBAL_ACCENT_COLOR_NAME = AccentColor;
				CODE_SIGN_ENTITLEMENTS = "macOS (App)/Youtube-Score.entitlements";
				CODE_SIGN_STYLE = Automatic;
				CURRENT_PROJECT_VERSION = 1;
				ENABLE_HARDENED_RUNTIME = YES;
				GENERATE_INFOPLIST_FILE = YES;
				INFOPLIST_KEY_CFBundleDisplayName = "Youtube-Score";
				INFOPLIST_KEY_NSMainStoryboardFile = Main;
				INFOPLIST_KEY_NSPrincipalClass = NSApplication;
				LD_RUNPATH_SEARCH_PATHS = (
					"$(inherited)",
					"@executable_path/../Frameworks",
				);
				MACOSX_DEPLOYMENT_TARGET = 10.14;
				MARKETING_VERSION = 1.0;
				OTHER_LDFLAGS = (
					"-framework",
					SafariServices,
					"-framework",
					WebKit,
				);
				PRODUCT_BUNDLE_IDENTIFIER = "KevinKaratassos.Youtube-Score";
				PRODUCT_NAME = "Youtube-Score";
				REGISTER_APP_GROUPS = YES;
				SDKROOT = macosx;
				SWIFT_EMIT_LOC_STRINGS = YES;
				SWIFT_VERSION = 5.0;
			};
			name = Release;
		};
		173842C12DD67D5D000E99F7 /* Debug */ = {
			isa = XCBuildConfiguration;
			buildSettings = {
				ALWAYS_SEARCH_USER_PATHS = NO;
				ASSETCATALOG_COMPILER_GENERATE_SWIFT_ASSET_SYMBOL_EXTENSIONS = YES;
				CLANG_ANALYZER_NONNULL = YES;
				CLANG_ANALYZER_NUMBER_OBJECT_CONVERSION = YES_AGGRESSIVE;
				CLANG_CXX_LANGUAGE_STANDARD = "gnu++20";
				CLANG_ENABLE_MODULES = YES;
				CLANG_ENABLE_OBJC_ARC = YES;
				CLANG_ENABLE_OBJC_WEAK = YES;
				CLANG_WARN_BLOCK_CAPTURE_AUTORELEASING = YES;
				CLANG_WARN_BOOL_CONVERSION = YES;
				CLANG_WARN_COMMA = YES;
				CLANG_WARN_CONSTANT_CONVERSION = YES;
				CLANG_WARN_DEPRECATED_OBJC_IMPLEMENTATIONS = YES;
				CLANG_WARN_DIRECT_OBJC_ISA_USAGE = YES_ERROR;
				CLANG_WARN_DOCUMENTATION_COMMENTS = YES;
				CLANG_WARN_EMPTY_BODY = YES;
				CLANG_WARN_ENUM_CONVERSION = YES;
				CLANG_WARN_INFINITE_RECURSION = YES;
				CLANG_WARN_INT_CONVERSION = YES;
				CLANG_WARN_NON_LITERAL_NULL_CONVERSION = YES;
				CLANG_WARN_OBJC_IMPLICIT_RETAIN_SELF = YES;
				CLANG_WARN_OBJC_LITERAL_CONVERSION = YES;
				CLANG_WARN_OBJC_ROOT_CLASS = YES_ERROR;
				CLANG_WARN_QUOTED_INCLUDE_IN_FRAMEWORK_HEADER = YES;
				CLANG_WARN_RANGE_LOOP_ANALYSIS = YES;
				CLANG_WARN_STRICT_PROTOTYPES = YES;
				CLANG_WARN_SUSPICIOUS_MOVE = YES;
				CLANG_WARN_UNGUARDED_AVAILABILITY = YES_AGGRESSIVE;
				CLANG_WARN_UNREACHABLE_CODE = YES;
				CLANG_WARN__DUPLICATE_METHOD_MATCH = YES;
				COPY_PHASE_STRIP = NO;
				DEBUG_INFORMATION_FORMAT = dwarf;
				ENABLE_STRICT_OBJC_MSGSEND = YES;
				ENABLE_TESTABILITY = YES;
				ENABLE_USER_SCRIPT_SANDBOXING = YES;
				GCC_C_LANGUAGE_STANDARD = gnu17;
				GCC_DYNAMIC_NO_PIC = NO;
				GCC_NO_COMMON_BLOCKS = YES;
				GCC_OPTIMIZATION_LEVEL = 0;
				GCC_PREPROCESSOR_DEFINITIONS = (
					"DEBUG=1",
					"$(inherited)",
				);
				GCC_WARN_64_TO_32_BIT_CONVERSION = YES;
				GCC_WARN_ABOUT_RETURN_TYPE = YES_ERROR;
				GCC_WARN_UNDECLARED_SELECTOR = YES;
				GCC_WARN_UNINITIALIZED_AUTOS = YES_AGGRESSIVE;
				GCC_WARN_UNUSED_FUNCTION = YES;
				GCC_WARN_UNUSED_VARIABLE = YES;
				LOCALIZATION_PREFERS_STRING_CATALOGS = YES;
				MTL_ENABLE_DEBUG_INFO = INCLUDE_SOURCE;
				MTL_FAST_MATH = YES;
				ONLY_ACTIVE_ARCH = YES;
				SWIFT_ACTIVE_COMPILATION_CONDITIONS = "DEBUG $(inherited)";
				SWIFT_OPTIMIZATION_LEVEL = "-Onone";
			};
			name = Debug;
		};
		173842C22DD67D5D000E99F7 /* Release */ = {
			isa = XCBuildConfiguration;
			buildSettings = {
				ALWAYS_SEARCH_USER_PATHS = NO;
				ASSETCATALOG_COMPILER_GENERATE_SWIFT_ASSET_SYMBOL_EXTENSIONS = YES;
				CLANG_ANALYZER_NONNULL = YES;
				CLANG_ANALYZER_NUMBER_OBJECT_CONVERSION = YES_AGGRESSIVE;
				CLANG_CXX_LANGUAGE_STANDARD = "gnu++20";
				CLANG_ENABLE_MODULES = YES;
				CLANG_ENABLE_OBJC_ARC = YES;
				CLANG_ENABLE_OBJC_WEAK = YES;
				CLANG_WARN_BLOCK_CAPTURE_AUTORELEASING = YES;
				CLANG_WARN_BOOL_CONVERSION = YES;
				CLANG_WARN_COMMA = YES;
				CLANG_WARN_CONSTANT_CONVERSION = YES;
				CLANG_WARN_DEPRECATED_OBJC_IMPLEMENTATIONS = YES;
				CLANG_WARN_DIRECT_OBJC_ISA_USAGE = YES_ERROR;
				CLANG_WARN_DOCUMENTATION_COMMENTS = YES;
				CLANG_WARN_EMPTY_BODY = YES;
				CLANG_WARN_ENUM_CONVERSION = YES;
				CLANG_WARN_INFINITE_RECURSION = YES;
				CLANG_WARN_INT_CONVERSION = YES;
				CLANG_WARN_NON_LITERAL_NULL_CONVERSION = YES;
				CLANG_WARN_OBJC_IMPLICIT_RETAIN_SELF = YES;
				CLANG_WARN_OBJC_LITERAL_CONVERSION = YES;
				CLANG_WARN_OBJC_ROOT_CLASS = YES_ERROR;
				CLANG_WARN_QUOTED_INCLUDE_IN_FRAMEWORK_HEADER = YES;
				CLANG_WARN_RANGE_LOOP_ANALYSIS = YES;
				CLANG_WARN_STRICT_PROTOTYPES = YES;
				CLANG_WARN_SUSPICIOUS_MOVE = YES;
				CLANG_WARN_UNGUARDED_AVAILABILITY = YES_AGGRESSIVE;
				CLANG_WARN_UNREACHABLE_CODE = YES;
				CLANG_WARN__DUPLICATE_METHOD_MATCH = YES;
				COPY_PHASE_STRIP = NO;
				DEBUG_INFORMATION_FORMAT = "dwarf-with-dsym";
				ENABLE_NS_ASSERTIONS = NO;
				ENABLE_STRICT_OBJC_MSGSEND = YES;
				ENABLE_USER_SCRIPT_SANDBOXING = YES;
				GCC_C_LANGUAGE_STANDARD = gnu17;
				GCC_NO_COMMON_BLOCKS = YES;
				GCC_WARN_64_TO_32_BIT_CONVERSION = YES;
				GCC_WARN_ABOUT_RETURN_TYPE = YES_ERROR;
				GCC_WARN_UNDECLARED_SELECTOR = YES;
				GCC_WARN_UNINITIALIZED_AUTOS = YES_AGGRESSIVE;
				GCC_WARN_UNUSED_FUNCTION = YES;
				GCC_WARN_UNUSED_VARIABLE = YES;
				LOCALIZATION_PREFERS_STRING_CATALOGS = YES;
				MTL_ENABLE_DEBUG_INFO = NO;
				MTL_FAST_MATH = YES;
				SWIFT_COMPILATION_MODE = wholemodule;
			};
			name = Release;
		};
/* End XCBuildConfiguration section */

/* Begin XCConfigurationList section */
		173842462DD67D59000E99F7 /* Build configuration list for PBXProject "Youtube-Score" */ = {
			isa = XCConfigurationList;
			buildConfigurations = (
				173842C12DD67D5D000E99F7 /* Debug */,
				173842C22DD67D5D000E99F7 /* Release */,
			);
			defaultConfigurationIsVisible = 0;
			defaultConfigurationName = Release;
		};
		173842AD2DD67D5D000E99F7 /* Build configuration list for PBXNativeTarget "Youtube-Score Extension (iOS)" */ = {
			isa = XCConfigurationList;
			buildConfigurations = (
				173842AE2DD67D5D000E99F7 /* Debug */,
				173842AF2DD67D5D000E99F7 /* Release */,
			);
			defaultConfigurationIsVisible = 0;
			defaultConfigurationName = Release;
		};
		173842B22DD67D5D000E99F7 /* Build configuration list for PBXNativeTarget "Youtube-Score (iOS)" */ = {
			isa = XCConfigurationList;
			buildConfigurations = (
				173842B32DD67D5D000E99F7 /* Debug */,
				173842B42DD67D5D000E99F7 /* Release */,
			);
			defaultConfigurationIsVisible = 0;
			defaultConfigurationName = Release;
		};
		173842B72DD67D5D000E99F7 /* Build configuration list for PBXNativeTarget "Youtube-Score Extension (macOS)" */ = {
			isa = XCConfigurationList;
			buildConfigurations = (
				173842B82DD67D5D000E99F7 /* Debug */,
				173842B92DD67D5D000E99F7 /* Release */,
			);
			defaultConfigurationIsVisible = 0;
			defaultConfigurationName = Release;
		};
		173842BC2DD67D5D000E99F7 /* Build configuration list for PBXNativeTarget "Youtube-Score (macOS)" */ = {
			isa = XCConfigurationList;
			buildConfigurations = (
				173842BD2DD67D5D000E99F7 /* Debug */,
				173842BE2DD67D5D000E99F7 /* Release */,
			);
			defaultConfigurationIsVisible = 0;
			defaultConfigurationName = Release;
		};
/* End XCConfigurationList section */
	};
	rootObject = 173842432DD67D59000E99F7 /* Project object */;
}
